
Microsoft Visual Studio Solution File, Format Version 12.00
# Visual Studio 15
VisualStudioVersion = 15.0.27703.2042
MinimumVisualStudioVersion = 10.0.40219.1
Project("{FAE04EC0-301F-11D3-BF4B-00C04F79EFBC}") = "csrf-token", "csrf-token\csrf-token.csproj", "{039032A4-4452-4CBA-96A8-06EC5DB393EC}"
EndProject
Global
	GlobalSection(SolutionConfigurationPlatforms) = preSolution
		Debug|Any CPU = Debug|Any CPU
		Release|Any CPU = Release|Any CPU
	EndGlobalSection
	GlobalSection(ProjectConfigurationPlatforms) = postSolution
		{039032A4-4452-4CBA-96A8-06EC5DB393EC}.Debug|Any CPU.ActiveCfg = Debug|Any CPU
		{039032A4-4452-4CBA-96A8-06EC5DB393EC}.Debug|Any CPU.Build.0 = Debug|Any CPU
		{039032A4-4452-4CBA-96A8-06EC5DB393EC}.Release|Any CPU.ActiveCfg = Release|Any CPU
		{039032A4-4452-4CBA-96A8-06EC5DB393EC}.Release|Any CPU.Build.0 = Release|Any CPU
	EndGlobalSection
	GlobalSection(SolutionProperties) = preSolution
		HideSolutionNode = FALSE
	EndGlobalSection
	GlobalSection(ExtensibilityGlobals) = postSolution
		SolutionGuid = {1CDE8633-D5EE-4CB7-849A-219A47887D45}
	EndGlobalSection
EndGlobal
